
Microsoft Visual Studio Solution File, Format Version 12.00
Project("{F2A71F9B-5D33-465A-A702-920D77279786}") = "NativeNetCore.FCustomer", "src\NativeNetCore\NativeNetCore.FCustomer.fsproj", "{D234BD17-E707-42AD-8ABD-518C12E56553}"
EndProject
Project("{F2A71F9B-5D33-465A-A702-920D77279786}") = "Giraffe.FCustomer", "src\Giraffe.FCustomer\Giraffe.FCustomer.fsproj", "{1ECF8F75-D042-4F48-B6AB-9F574EC78398}"
EndProject
Global
	GlobalSection(SolutionConfigurationPlatforms) = preSolution
		Debug|Any CPU = Debug|Any CPU
		Release|Any CPU = Release|Any CPU
	EndGlobalSection
	GlobalSection(ProjectConfigurationPlatforms) = postSolution
		{D234BD17-E707-42AD-8ABD-518C12E56553}.Debug|Any CPU.ActiveCfg = Debug|Any CPU
		{D234BD17-E707-42AD-8ABD-518C12E56553}.Debug|Any CPU.Build.0 = Debug|Any CPU
		{D234BD17-E707-42AD-8ABD-518C12E56553}.Release|Any CPU.ActiveCfg = Release|Any CPU
		{D234BD17-E707-42AD-8ABD-518C12E56553}.Release|Any CPU.Build.0 = Release|Any CPU
		{1ECF8F75-D042-4F48-B6AB-9F574EC78398}.Debug|Any CPU.ActiveCfg = Debug|Any CPU
		{1ECF8F75-D042-4F48-B6AB-9F574EC78398}.Debug|Any CPU.Build.0 = Debug|Any CPU
		{1ECF8F75-D042-4F48-B6AB-9F574EC78398}.Release|Any CPU.ActiveCfg = Release|Any CPU
		{1ECF8F75-D042-4F48-B6AB-9F574EC78398}.Release|Any CPU.Build.0 = Release|Any CPU
	EndGlobalSection
EndGlobal
