
Microsoft Visual Studio Solution File, Format Version 12.00
Project("{F2A71F9B-5D33-465A-A702-920D77279786}") = "FCustomer.Giraffe.Copy", "src\Fcustomer.Giraffe.Copy\FCustomer.Giraffe.Copy.fsproj", "{95AF00DF-8DE4-47BF-B79B-5D378F2C4915}"
EndProject
Project("{F2A71F9B-5D33-465A-A702-920D77279786}") = "FCustomer", "src\Api\FCustomer.fsproj", "{8231F523-AC9C-4996-A09F-0ADC8B3E813A}"
EndProject
Global
	GlobalSection(SolutionConfigurationPlatforms) = preSolution
		Debug|Any CPU = Debug|Any CPU
		Release|Any CPU = Release|Any CPU
	EndGlobalSection
	GlobalSection(ProjectConfigurationPlatforms) = postSolution
		{95AF00DF-8DE4-47BF-B79B-5D378F2C4915}.Debug|Any CPU.ActiveCfg = Debug|Any CPU
		{95AF00DF-8DE4-47BF-B79B-5D378F2C4915}.Debug|Any CPU.Build.0 = Debug|Any CPU
		{95AF00DF-8DE4-47BF-B79B-5D378F2C4915}.Release|Any CPU.ActiveCfg = Release|Any CPU
		{95AF00DF-8DE4-47BF-B79B-5D378F2C4915}.Release|Any CPU.Build.0 = Release|Any CPU
		{8231F523-AC9C-4996-A09F-0ADC8B3E813A}.Debug|Any CPU.ActiveCfg = Debug|Any CPU
		{8231F523-AC9C-4996-A09F-0ADC8B3E813A}.Debug|Any CPU.Build.0 = Debug|Any CPU
		{8231F523-AC9C-4996-A09F-0ADC8B3E813A}.Release|Any CPU.ActiveCfg = Release|Any CPU
		{8231F523-AC9C-4996-A09F-0ADC8B3E813A}.Release|Any CPU.Build.0 = Release|Any CPU
	EndGlobalSection
EndGlobal
